
Microsoft Visual Studio Solution File, Format Version 12.00
# Visual Studio Version 17
VisualStudioVersion = 17.8.34330.188
MinimumVisualStudioVersion = 10.0.40219.1
Project("{FAE04EC0-301F-11D3-BF4B-00C04F79EFBC}") = "TAMS", "TAMS\TAMS.csproj", "{B6B4C4ED-B5EB-4680-AFFA-1F6F0189F57F}"
EndProject
Global
	GlobalSection(SolutionConfigurationPlatforms) = preSolution
		Debug|Any CPU = Debug|Any CPU
		Release|Any CPU = Release|Any CPU
	EndGlobalSection
	GlobalSection(ProjectConfigurationPlatforms) = postSolution
		{B6B4C4ED-B5EB-4680-AFFA-1F6F0189F57F}.Debug|Any CPU.ActiveCfg = Debug|Any CPU
		{B6B4C4ED-B5EB-4680-AFFA-1F6F0189F57F}.Debug|Any CPU.Build.0 = Debug|Any CPU
		{B6B4C4ED-B5EB-4680-AFFA-1F6F0189F57F}.Release|Any CPU.ActiveCfg = Release|Any CPU
		{B6B4C4ED-B5EB-4680-AFFA-1F6F0189F57F}.Release|Any CPU.Build.0 = Release|Any CPU
	EndGlobalSection
	GlobalSection(SolutionProperties) = preSolution
		HideSolutionNode = FALSE
	EndGlobalSection
	GlobalSection(ExtensibilityGlobals) = postSolution
		SolutionGuid = {FDCAECF4-843D-42CE-BFD0-30F0FBB8AF51}
	EndGlobalSection
EndGlobal
